{
  "name": "morrowind",
  "version": "1.0.0",
  "lockfileVersion": 1,
  "requires": true,
  "dependencies": {
    "angular": {
      "version": "1.7.5",
      "resolved": "https://registry.npmjs.org/angular/-/angular-1.7.5.tgz",
      "integrity": "sha512-760183yxtGzni740IBTieNuWLtPNAoMqvmC0Z62UoU0I3nqk+VJuO3JbQAXOyvo3Oy/ZsdNQwrSTh/B0OQZjNw=="
    },
    "angular-bootstrap": {
      "version": "0.12.2",
      "resolved": "https://registry.npmjs.org/angular-bootstrap/-/angular-bootstrap-0.12.2.tgz",
      "integrity": "sha1-3pkAp9sIen6dpHMEqcL3f5wGmCc="
    },
    "angular-filter": {
      "version": "0.5.17",
      "resolved": "https://registry.npmjs.org/angular-filter/-/angular-filter-0.5.17.tgz",
      "integrity": "sha1-YMDHOA/UWHLLjxCAHP4H4VQGKTU=",
      "requires": {
        "angular": "*"
      }
    },
    "angular-perfect-scrollbar": {
      "version": "0.2.0",
      "resolved": "https://registry.npmjs.org/angular-perfect-scrollbar/-/angular-perfect-scrollbar-0.2.0.tgz",
      "integrity": "sha512-oPwip0D+bGdkXxjIIqajZqzk1gDdmWgbASTVp2CbJbDLw7NeBIB7NV8Mj3YhWK8J6mtX3nOLir9VGjEejyEY5A=="
    },
    "angular-sanitize": {
      "version": "1.7.5",
      "resolved": "https://registry.npmjs.org/angular-sanitize/-/angular-sanitize-1.7.5.tgz",
      "integrity": "sha512-wjKCJOIwrkEvfD0keTnKGi6We13gtoCAQIHcdoqyoo3gwvcgNfYymVQIS3+iCGVcjfWz0jHuS3KgB4ysRWsTTA=="
    },
    "angular-typeahead": {
      "version": "1.0.2",
      "resolved": "https://registry.npmjs.org/angular-typeahead/-/angular-typeahead-1.0.2.tgz",
      "integrity": "sha1-qocyMAhL3LbL/BP7RIKhAJOyy88="
    },
    "bootstrap": {
      "version": "3.4.1",
      "resolved": "https://registry.npmjs.org/bootstrap/-/bootstrap-3.4.1.tgz",
      "integrity": "sha512-yN5oZVmRCwe5aKwzRj6736nSmKDX7pLYwsXiCj/EYmo16hODaBiT4En5btW/jhBF/seV+XMx3aYwukYC3A49DA=="
    },
    "jquery": {
      "version": "3.3.1",
      "resolved": "https://registry.npmjs.org/jquery/-/jquery-3.3.1.tgz",
      "integrity": "sha512-Ubldcmxp5np52/ENotGxlLe6aGMvmF4R8S6tZjsP6Knsaxd/xp3Zrh50cG93lR6nPXyUFwzN3ZSOQI0wRJNdGg=="
    },
    "ng-sortable": {
      "version": "1.3.8",
      "resolved": "https://registry.npmjs.org/ng-sortable/-/ng-sortable-1.3.8.tgz",
      "integrity": "sha1-6S0CHfQghxMYNJifDIpPWOphMFY="
    },
    "perfect-scrollbar": {
      "version": "1.4.0",
      "resolved": "https://registry.npmjs.org/perfect-scrollbar/-/perfect-scrollbar-1.4.0.tgz",
      "integrity": "sha512-/2Sk/khljhdrsamjJYS5NjrH+GKEHEwh7zFSiYyxROyYKagkE4kSn2zDQDRTOMo8mpT2jikxx6yI1dG7lNP/hw=="
    },
    "rangy": {
      "version": "1.3.0",
      "resolved": "https://registry.npmjs.org/rangy/-/rangy-1.3.0.tgz",
      "integrity": "sha1-t8mnCuoF5djNx0qNTIJz1pcnGQQ="
    },
    "textangularjs": {
      "version": "2.1.2",
      "resolved": "https://registry.npmjs.org/textangularjs/-/textangularjs-2.1.2.tgz",
      "integrity": "sha512-yQFHluXoXBUf/wUrRuuS1kc580TfFPj6eiUOdevBQ9rsntExqwRo7JPjTBPJcDwhqTs9SYIbYJXHj/R+tWZ4Ng==",
      "requires": {
        "rangy": "^1.3.0"
      }
    },
    "typeahead.js": {
      "version": "0.11.1",
      "resolved": "https://registry.npmjs.org/typeahead.js/-/typeahead.js-0.11.1.tgz",
      "integrity": "sha1-TmTmcbIjEKhgb0rsgFkkuoSwFbg=",
      "requires": {
        "jquery": ">=1.7"
      }
    },
    "ui-select": {
      "version": "0.19.8",
      "resolved": "https://registry.npmjs.org/ui-select/-/ui-select-0.19.8.tgz",
      "integrity": "sha1-dIYISKf9i8SU2YVtL2J3bqmGN8E="
    }
  }
}
